// !$*UTF8*$!
{
	archiveVersion = 1;
	classes = {
	};
	objectVersion = 48;
	objects = {

/* Begin PBXBuildFile section */
		3D2E50C61FB988380015458C /* User.swift in Sources */ = {isa = PBXBuildFile; fileRef = 3D2E50C51FB988380015458C /* User.swift */; };
		3D2E50C81FB988850015458C /* UserManager.swift in Sources */ = {isa = PBXBuildFile; fileRef = 3D2E50C71FB988850015458C /* UserManager.swift */; };
		3D2E50CA1FB9890A0015458C /* UsersTableViewController.swift in Sources */ = {isa = PBXBuildFile; fileRef = 3D2E50C91FB9890A0015458C /* UsersTableViewController.swift */; };
		3D2E50CC1FB9895D0015458C /* TabBarController.swift in Sources */ = {isa = PBXBuildFile; fileRef = 3D2E50CB1FB9895D0015458C /* TabBarController.swift */; };
		3D2E50CE1FB989AA0015458C /* LoginViewController.swift in Sources */ = {isa = PBXBuildFile; fileRef = 3D2E50CD1FB989AA0015458C /* LoginViewController.swift */; };
		3D2E50D51FB98BB20015458C /* UsersTableViewCell.swift in Sources */ = {isa = PBXBuildFile; fileRef = 3D2E50D31FB98BB20015458C /* UsersTableViewCell.swift */; };
		3D2E50D61FB98BB20015458C /* UsersTableViewCell.xib in Resources */ = {isa = PBXBuildFile; fileRef = 3D2E50D41FB98BB20015458C /* UsersTableViewCell.xib */; };
		3D8D3F661FB952470082652B /* AppDelegate.swift in Sources */ = {isa = PBXBuildFile; fileRef = 3D8D3F651FB952470082652B /* AppDelegate.swift */; };
		3D8D3F681FB952470082652B /* ViewController.swift in Sources */ = {isa = PBXBuildFile; fileRef = 3D8D3F671FB952470082652B /* ViewController.swift */; };
		3D8D3F6B1FB952470082652B /* Main.storyboard in Resources */ = {isa = PBXBuildFile; fileRef = 3D8D3F691FB952470082652B /* Main.storyboard */; };
		3D8D3F6D1FB952470082652B /* Assets.xcassets in Resources */ = {isa = PBXBuildFile; fileRef = 3D8D3F6C1FB952470082652B /* Assets.xcassets */; };
		3D8D3F701FB952470082652B /* LaunchScreen.storyboard in Resources */ = {isa = PBXBuildFile; fileRef = 3D8D3F6E1FB952470082652B /* LaunchScreen.storyboard */; };
		3DA730661FBC38E4004DEFCE /* FBSDKCoreKit.framework in Frameworks */ = {isa = PBXBuildFile; fileRef = 3DA730671FBC38E4004DEFCE /* FBSDKCoreKit.framework */; };
		3DA730681FBC38E9004DEFCE /* FBSDKLoginKit.framework in Frameworks */ = {isa = PBXBuildFile; fileRef = 3DA730691FBC38E9004DEFCE /* FBSDKLoginKit.framework */; };
		3DAC363C1FBC4B0C005852BB /* ProfileViewController.swift in Sources */ = {isa = PBXBuildFile; fileRef = 3DAC363B1FBC4B0C005852BB /* ProfileViewController.swift */; };
		3DD194F41FB9D70600AE2A1F /* NCMB.framework in Frameworks */ = {isa = PBXBuildFile; fileRef = 3DD194F51FB9D70600AE2A1F /* NCMB.framework */; };
		68C261A94F91ED883991DE8B /* Pods_UserAcquisition.framework in Frameworks */ = {isa = PBXBuildFile; fileRef = 247350D02B6FDA316DAF14BC /* Pods_UserAcquisition.framework */; };
/* End PBXBuildFile section */

/* Begin PBXFileReference section */
		247350D02B6FDA316DAF14BC /* Pods_UserAcquisition.framework */ = {isa = PBXFileReference; explicitFileType = wrapper.framework; includeInIndex = 0; path = Pods_UserAcquisition.framework; sourceTree = BUILT_PRODUCTS_DIR; };
		3D2E50C51FB988380015458C /* User.swift */ = {isa = PBXFileReference; lastKnownFileType = sourcecode.swift; path = User.swift; sourceTree = "<group>"; };
		3D2E50C71FB988850015458C /* UserManager.swift */ = {isa = PBXFileReference; lastKnownFileType = sourcecode.swift; path = UserManager.swift; sourceTree = "<group>"; };
		3D2E50C91FB9890A0015458C /* UsersTableViewController.swift */ = {isa = PBXFileReference; lastKnownFileType = sourcecode.swift; path = UsersTableViewController.swift; sourceTree = "<group>"; };
		3D2E50CB1FB9895D0015458C /* TabBarController.swift */ = {isa = PBXFileReference; lastKnownFileType = sourcecode.swift; path = TabBarController.swift; sourceTree = "<group>"; };
		3D2E50CD1FB989AA0015458C /* LoginViewController.swift */ = {isa = PBXFileReference; lastKnownFileType = sourcecode.swift; path = LoginViewController.swift; sourceTree = "<group>"; };
		3D2E50D31FB98BB20015458C /* UsersTableViewCell.swift */ = {isa = PBXFileReference; lastKnownFileType = sourcecode.swift; path = UsersTableViewCell.swift; sourceTree = "<group>"; };
		3D2E50D41FB98BB20015458C /* UsersTableViewCell.xib */ = {isa = PBXFileReference; lastKnownFileType = file.xib; path = UsersTableViewCell.xib; sourceTree = "<group>"; };
		3D8D3F621FB952470082652B /* UserAcquisition.app */ = {isa = PBXFileReference; explicitFileType = wrapper.application; includeInIndex = 0; path = UserAcquisition.app; sourceTree = BUILT_PRODUCTS_DIR; };
		3D8D3F651FB952470082652B /* AppDelegate.swift */ = {isa = PBXFileReference; lastKnownFileType = sourcecode.swift; path = AppDelegate.swift; sourceTree = "<group>"; };
		3D8D3F671FB952470082652B /* ViewController.swift */ = {isa = PBXFileReference; lastKnownFileType = sourcecode.swift; path = ViewController.swift; sourceTree = "<group>"; };
		3D8D3F6A1FB952470082652B /* Base */ = {isa = PBXFileReference; lastKnownFileType = file.storyboard; name = Base; path = Base.lproj/Main.storyboard; sourceTree = "<group>"; };
		3D8D3F6C1FB952470082652B /* Assets.xcassets */ = {isa = PBXFileReference; lastKnownFileType = folder.assetcatalog; path = Assets.xcassets; sourceTree = "<group>"; };
		3D8D3F6F1FB952470082652B /* Base */ = {isa = PBXFileReference; lastKnownFileType = file.storyboard; name = Base; path = Base.lproj/LaunchScreen.storyboard; sourceTree = "<group>"; };
		3D8D3F711FB952470082652B /* Info.plist */ = {isa = PBXFileReference; lastKnownFileType = text.plist.xml; path = Info.plist; sourceTree = "<group>"; };
		3DA730671FBC38E4004DEFCE /* FBSDKCoreKit.framework */ = {isa = PBXFileReference; explicitFileType = wrapper.framework; path = FBSDKCoreKit.framework; sourceTree = BUILT_PRODUCTS_DIR; };
		3DA730691FBC38E9004DEFCE /* FBSDKLoginKit.framework */ = {isa = PBXFileReference; explicitFileType = wrapper.framework; path = FBSDKLoginKit.framework; sourceTree = BUILT_PRODUCTS_DIR; };
		3DAC363B1FBC4B0C005852BB /* ProfileViewController.swift */ = {isa = PBXFileReference; lastKnownFileType = sourcecode.swift; path = ProfileViewController.swift; sourceTree = "<group>"; };
		3DAC8B8E1FBC0B4100EA0556 /* UserAcquisition.entitlements */ = {isa = PBXFileReference; lastKnownFileType = text.plist.entitlements; path = UserAcquisition.entitlements; sourceTree = "<group>"; };
		3DD194F51FB9D70600AE2A1F /* NCMB.framework */ = {isa = PBXFileReference; explicitFileType = wrapper.framework; path = NCMB.framework; sourceTree = BUILT_PRODUCTS_DIR; };
		7D9CBFF2AD4701C2C4CE154F /* Pods-UserAcquisition.release.xcconfig */ = {isa = PBXFileReference; includeInIndex = 1; lastKnownFileType = text.xcconfig; name = "Pods-UserAcquisition.release.xcconfig"; path = "Pods/Target Support Files/Pods-UserAcquisition/Pods-UserAcquisition.release.xcconfig"; sourceTree = "<group>"; };
		ABAE741DAC9EE32A24C914B5 /* Pods-UserAcquisition.debug.xcconfig */ = {isa = PBXFileReference; includeInIndex = 1; lastKnownFileType = text.xcconfig; name = "Pods-UserAcquisition.debug.xcconfig"; path = "Pods/Target Support Files/Pods-UserAcquisition/Pods-UserAcquisition.debug.xcconfig"; sourceTree = "<group>"; };
/* End PBXFileReference section */

/* Begin PBXFrameworksBuildPhase section */
		3D8D3F5F1FB952470082652B /* Frameworks */ = {
			isa = PBXFrameworksBuildPhase;
			buildActionMask = 2147483647;
			files = (
				3DA730681FBC38E9004DEFCE /* FBSDKLoginKit.framework in Frameworks */,
				3DA730661FBC38E4004DEFCE /* FBSDKCoreKit.framework in Frameworks */,
				3DD194F41FB9D70600AE2A1F /* NCMB.framework in Frameworks */,
				68C261A94F91ED883991DE8B /* Pods_UserAcquisition.framework in Frameworks */,
			);
			runOnlyForDeploymentPostprocessing = 0;
		};
/* End PBXFrameworksBuildPhase section */

/* Begin PBXGroup section */
		3D8D3F591FB952470082652B = {
			isa = PBXGroup;
			children = (
				3D8D3F641FB952470082652B /* UserAcquisition */,
				3D8D3F631FB952470082652B /* Products */,
				56FA6B07C993D2135913E72F /* Pods */,
				B81E66716BFDEF8A43DF3567 /* Frameworks */,
			);
			sourceTree = "<group>";
		};
		3D8D3F631FB952470082652B /* Products */ = {
			isa = PBXGroup;
			children = (
				3D8D3F621FB952470082652B /* UserAcquisition.app */,
			);
			name = Products;
			sourceTree = "<group>";
		};
		3D8D3F641FB952470082652B /* UserAcquisition */ = {
			isa = PBXGroup;
			children = (
				3DAC8B8E1FBC0B4100EA0556 /* UserAcquisition.entitlements */,
				3D8D3F771FB9548D0082652B /* Model */,
				3D8D3F781FB954970082652B /* Controller */,
				3D8D3F791FB9549E0082652B /* View */,
				3D8D3F651FB952470082652B /* AppDelegate.swift */,
				3D8D3F691FB952470082652B /* Main.storyboard */,
				3D8D3F6C1FB952470082652B /* Assets.xcassets */,
				3D8D3F6E1FB952470082652B /* LaunchScreen.storyboard */,
				3D8D3F711FB952470082652B /* Info.plist */,
			);
			path = UserAcquisition;
			sourceTree = "<group>";
		};
		3D8D3F771FB9548D0082652B /* Model */ = {
			isa = PBXGroup;
			children = (
				3D2E50C51FB988380015458C /* User.swift */,
				3D2E50C71FB988850015458C /* UserManager.swift */,
			);
			path = Model;
			sourceTree = "<group>";
		};
		3D8D3F781FB954970082652B /* Controller */ = {
			isa = PBXGroup;
			children = (
				3D2E50C91FB9890A0015458C /* UsersTableViewController.swift */,
				3D2E50CB1FB9895D0015458C /* TabBarController.swift */,
				3D2E50CD1FB989AA0015458C /* LoginViewController.swift */,
				3D8D3F671FB952470082652B /* ViewController.swift */,
				3DAC363B1FBC4B0C005852BB /* ProfileViewController.swift */,
			);
			path = Controller;
			sourceTree = "<group>";
		};
		3D8D3F791FB9549E0082652B /* View */ = {
			isa = PBXGroup;
			children = (
				3D2E50D31FB98BB20015458C /* UsersTableViewCell.swift */,
				3D2E50D41FB98BB20015458C /* UsersTableViewCell.xib */,
			);
			path = View;
			sourceTree = "<group>";
		};
		56FA6B07C993D2135913E72F /* Pods */ = {
			isa = PBXGroup;
			children = (
				ABAE741DAC9EE32A24C914B5 /* Pods-UserAcquisition.debug.xcconfig */,
				7D9CBFF2AD4701C2C4CE154F /* Pods-UserAcquisition.release.xcconfig */,
			);
			name = Pods;
			sourceTree = "<group>";
		};
		B81E66716BFDEF8A43DF3567 /* Frameworks */ = {
			isa = PBXGroup;
			children = (
				3DA730691FBC38E9004DEFCE /* FBSDKLoginKit.framework */,
				3DA730671FBC38E4004DEFCE /* FBSDKCoreKit.framework */,
				3DD194F51FB9D70600AE2A1F /* NCMB.framework */,
				247350D02B6FDA316DAF14BC /* Pods_UserAcquisition.framework */,
			);
			name = Frameworks;
			sourceTree = "<group>";
		};
/* End PBXGroup section */

/* Begin PBXNativeTarget section */
		3D8D3F611FB952470082652B /* UserAcquisition */ = {
			isa = PBXNativeTarget;
			buildConfigurationList = 3D8D3F741FB952470082652B /* Build configuration list for PBXNativeTarget "UserAcquisition" */;
			buildPhases = (
				54B009D670383BF42EECF07E /* [CP] Check Pods Manifest.lock */,
				3D8D3F5E1FB952470082652B /* Sources */,
				3D8D3F5F1FB952470082652B /* Frameworks */,
				3D8D3F601FB952470082652B /* Resources */,
				75B8485C499A61BC4724FC9E /* [CP] Embed Pods Frameworks */,
				FEA8436ED6FA2C56D207597F /* [CP] Copy Pods Resources */,
			);
			buildRules = (
			);
			dependencies = (
			);
			name = UserAcquisition;
			productName = UserAcquisition;
			productReference = 3D8D3F621FB952470082652B /* UserAcquisition.app */;
			productType = "com.apple.product-type.application";
		};
/* End PBXNativeTarget section */

/* Begin PBXProject section */
		3D8D3F5A1FB952470082652B /* Project object */ = {
			isa = PBXProject;
			attributes = {
				LastSwiftUpdateCheck = 0900;
				LastUpgradeCheck = 0900;
				ORGANIZATIONNAME = "坂本貴宏";
				TargetAttributes = {
					3D8D3F611FB952470082652B = {
						CreatedOnToolsVersion = 9.0;
						ProvisioningStyle = Automatic;
						SystemCapabilities = {
							com.apple.BackgroundModes = {
								enabled = 1;
							};
							com.apple.Push = {
								enabled = 1;
							};
						};
					};
				};
			};
			buildConfigurationList = 3D8D3F5D1FB952470082652B /* Build configuration list for PBXProject "UserAcquisition" */;
			compatibilityVersion = "Xcode 8.0";
			developmentRegion = en;
			hasScannedForEncodings = 0;
			knownRegions = (
				en,
				Base,
			);
			mainGroup = 3D8D3F591FB952470082652B;
			productRefGroup = 3D8D3F631FB952470082652B /* Products */;
			projectDirPath = "";
			projectRoot = "";
			targets = (
				3D8D3F611FB952470082652B /* UserAcquisition */,
			);
		};
/* End PBXProject section */

/* Begin PBXResourcesBuildPhase section */
		3D8D3F601FB952470082652B /* Resources */ = {
			isa = PBXResourcesBuildPhase;
			buildActionMask = 2147483647;
			files = (
				3D2E50D61FB98BB20015458C /* UsersTableViewCell.xib in Resources */,
				3D8D3F701FB952470082652B /* LaunchScreen.storyboard in Resources */,
				3D8D3F6D1FB952470082652B /* Assets.xcassets in Resources */,
				3D8D3F6B1FB952470082652B /* Main.storyboard in Resources */,
			);
			runOnlyForDeploymentPostprocessing = 0;
		};
/* End PBXResourcesBuildPhase section */

/* Begin PBXShellScriptBuildPhase section */
		54B009D670383BF42EECF07E /* [CP] Check Pods Manifest.lock */ = {
			isa = PBXShellScriptBuildPhase;
			buildActionMask = 2147483647;
			files = (
			);
			inputPaths = (
				"${PODS_PODFILE_DIR_PATH}/Podfile.lock",
				"${PODS_ROOT}/Manifest.lock",
			);
			name = "[CP] Check Pods Manifest.lock";
			outputPaths = (
				"$(DERIVED_FILE_DIR)/Pods-UserAcquisition-checkManifestLockResult.txt",
			);
			runOnlyForDeploymentPostprocessing = 0;
			shellPath = /bin/sh;
			shellScript = "diff \"${PODS_PODFILE_DIR_PATH}/Podfile.lock\" \"${PODS_ROOT}/Manifest.lock\" > /dev/null\nif [ $? != 0 ] ; then\n    # print error to STDERR\n    echo \"error: The sandbox is not in sync with the Podfile.lock. Run 'pod install' or update your CocoaPods installation.\" >&2\n    exit 1\nfi\n# This output is used by Xcode 'outputs' to avoid re-running this script phase.\necho \"SUCCESS\" > \"${SCRIPT_OUTPUT_FILE_0}\"\n";
			showEnvVarsInLog = 0;
		};
		75B8485C499A61BC4724FC9E /* [CP] Embed Pods Frameworks */ = {
			isa = PBXShellScriptBuildPhase;
			buildActionMask = 2147483647;
			files = (
			);
			inputPaths = (
				"${SRCROOT}/Pods/Target Support Files/Pods-UserAcquisition/Pods-UserAcquisition-frameworks.sh",
				"${BUILT_PRODUCTS_DIR}/Bolts/Bolts.framework",
				"${BUILT_PRODUCTS_DIR}/FBSDKCoreKit/FBSDKCoreKit.framework",
				"${BUILT_PRODUCTS_DIR}/FBSDKLoginKit/FBSDKLoginKit.framework",
				"${BUILT_PRODUCTS_DIR}/NCMB/NCMB.framework",
			);
			name = "[CP] Embed Pods Frameworks";
			outputPaths = (
				"${TARGET_BUILD_DIR}/${FRAMEWORKS_FOLDER_PATH}/Bolts.framework",
				"${TARGET_BUILD_DIR}/${FRAMEWORKS_FOLDER_PATH}/FBSDKCoreKit.framework",
				"${TARGET_BUILD_DIR}/${FRAMEWORKS_FOLDER_PATH}/FBSDKLoginKit.framework",
				"${TARGET_BUILD_DIR}/${FRAMEWORKS_FOLDER_PATH}/NCMB.framework",
			);
			runOnlyForDeploymentPostprocessing = 0;
			shellPath = /bin/sh;
			shellScript = "\"${SRCROOT}/Pods/Target Support Files/Pods-UserAcquisition/Pods-UserAcquisition-frameworks.sh\"\n";
			showEnvVarsInLog = 0;
		};
		FEA8436ED6FA2C56D207597F /* [CP] Copy Pods Resources */ = {
			isa = PBXShellScriptBuildPhase;
			buildActionMask = 2147483647;
			files = (
			);
			inputPaths = (
			);
			name = "[CP] Copy Pods Resources";
			outputPaths = (
			);
			runOnlyForDeploymentPostprocessing = 0;
			shellPath = /bin/sh;
			shellScript = "\"${SRCROOT}/Pods/Target Support Files/Pods-UserAcquisition/Pods-UserAcquisition-resources.sh\"\n";
			showEnvVarsInLog = 0;
		};
/* End PBXShellScriptBuildPhase section */

/* Begin PBXSourcesBuildPhase section */
		3D8D3F5E1FB952470082652B /* Sources */ = {
			isa = PBXSourcesBuildPhase;
			buildActionMask = 2147483647;
			files = (
				3D2E50D51FB98BB20015458C /* UsersTableViewCell.swift in Sources */,
				3D2E50CE1FB989AA0015458C /* LoginViewController.swift in Sources */,
				3D8D3F681FB952470082652B /* ViewController.swift in Sources */,
				3D8D3F661FB952470082652B /* AppDelegate.swift in Sources */,
				3D2E50C81FB988850015458C /* UserManager.swift in Sources */,
				3D2E50CC1FB9895D0015458C /* TabBarController.swift in Sources */,
				3D2E50CA1FB9890A0015458C /* UsersTableViewController.swift in Sources */,
				3DAC363C1FBC4B0C005852BB /* ProfileViewController.swift in Sources */,
				3D2E50C61FB988380015458C /* User.swift in Sources */,
			);
			runOnlyForDeploymentPostprocessing = 0;
		};
/* End PBXSourcesBuildPhase section */

/* Begin PBXVariantGroup section */
		3D8D3F691FB952470082652B /* Main.storyboard */ = {
			isa = PBXVariantGroup;
			children = (
				3D8D3F6A1FB952470082652B /* Base */,
			);
			name = Main.storyboard;
			sourceTree = "<group>";
		};
		3D8D3F6E1FB952470082652B /* LaunchScreen.storyboard */ = {
			isa = PBXVariantGroup;
			children = (
				3D8D3F6F1FB952470082652B /* Base */,
			);
			name = LaunchScreen.storyboard;
			sourceTree = "<group>";
		};
/* End PBXVariantGroup section */

/* Begin XCBuildConfiguration section */
		3D8D3F721FB952470082652B /* Debug */ = {
			isa = XCBuildConfiguration;
			buildSettings = {
				ALWAYS_SEARCH_USER_PATHS = NO;
				CLANG_ANALYZER_NONNULL = YES;
				CLANG_ANALYZER_NUMBER_OBJECT_CONVERSION = YES_AGGRESSIVE;
				CLANG_CXX_LANGUAGE_STANDARD = "gnu++14";
				CLANG_CXX_LIBRARY = "libc++";
				CLANG_ENABLE_MODULES = YES;
				CLANG_ENABLE_OBJC_ARC = YES;
				CLANG_WARN_BLOCK_CAPTURE_AUTORELEASING = YES;
				CLANG_WARN_BOOL_CONVERSION = YES;
				CLANG_WARN_COMMA = YES;
				CLANG_WARN_CONSTANT_CONVERSION = YES;
				CLANG_WARN_DIRECT_OBJC_ISA_USAGE = YES_ERROR;
				CLANG_WARN_DOCUMENTATION_COMMENTS = YES;
				CLANG_WARN_EMPTY_BODY = YES;
				CLANG_WARN_ENUM_CONVERSION = YES;
				CLANG_WARN_INFINITE_RECURSION = YES;
				CLANG_WARN_INT_CONVERSION = YES;
				CLANG_WARN_NON_LITERAL_NULL_CONVERSION = YES;
				CLANG_WARN_OBJC_LITERAL_CONVERSION = YES;
				CLANG_WARN_OBJC_ROOT_CLASS = YES_ERROR;
				CLANG_WARN_RANGE_LOOP_ANALYSIS = YES;
				CLANG_WARN_STRICT_PROTOTYPES = YES;
				CLANG_WARN_SUSPICIOUS_MOVE = YES;
				CLANG_WARN_UNGUARDED_AVAILABILITY = YES_AGGRESSIVE;
				CLANG_WARN_UNREACHABLE_CODE = YES;
				CLANG_WARN__DUPLICATE_METHOD_MATCH = YES;
				CODE_SIGN_IDENTITY = "iPhone Developer";
				COPY_PHASE_STRIP = NO;
				DEBUG_INFORMATION_FORMAT = dwarf;
				ENABLE_STRICT_OBJC_MSGSEND = YES;
				ENABLE_TESTABILITY = YES;
				GCC_C_LANGUAGE_STANDARD = gnu11;
				GCC_DYNAMIC_NO_PIC = NO;
				GCC_NO_COMMON_BLOCKS = YES;
				GCC_OPTIMIZATION_LEVEL = 0;
				GCC_PREPROCESSOR_DEFINITIONS = (
					"DEBUG=1",
					"$(inherited)",
				);
				GCC_WARN_64_TO_32_BIT_CONVERSION = YES;
				GCC_WARN_ABOUT_RETURN_TYPE = YES_ERROR;
				GCC_WARN_UNDECLARED_SELECTOR = YES;
				GCC_WARN_UNINITIALIZED_AUTOS = YES_AGGRESSIVE;
				GCC_WARN_UNUSED_FUNCTION = YES;
				GCC_WARN_UNUSED_VARIABLE = YES;
				IPHONEOS_DEPLOYMENT_TARGET = 11.0;
				MTL_ENABLE_DEBUG_INFO = YES;
				ONLY_ACTIVE_ARCH = YES;
				SDKROOT = iphoneos;
				SWIFT_ACTIVE_COMPILATION_CONDITIONS = DEBUG;
				SWIFT_OPTIMIZATION_LEVEL = "-Onone";
			};
			name = Debug;
		};
		3D8D3F731FB952470082652B /* Release */ = {
			isa = XCBuildConfiguration;
			buildSettings = {
				ALWAYS_SEARCH_USER_PATHS = NO;
				CLANG_ANALYZER_NONNULL = YES;
				CLANG_ANALYZER_NUMBER_OBJECT_CONVERSION = YES_AGGRESSIVE;
				CLANG_CXX_LANGUAGE_STANDARD = "gnu++14";
				CLANG_CXX_LIBRARY = "libc++";
				CLANG_ENABLE_MODULES = YES;
				CLANG_ENABLE_OBJC_ARC = YES;
				CLANG_WARN_BLOCK_CAPTURE_AUTORELEASING = YES;
				CLANG_WARN_BOOL_CONVERSION = YES;
				CLANG_WARN_COMMA = YES;
				CLANG_WARN_CONSTANT_CONVERSION = YES;
				CLANG_WARN_DIRECT_OBJC_ISA_USAGE = YES_ERROR;
				CLANG_WARN_DOCUMENTATION_COMMENTS = YES;
				CLANG_WARN_EMPTY_BODY = YES;
				CLANG_WARN_ENUM_CONVERSION = YES;
				CLANG_WARN_INFINITE_RECURSION = YES;
				CLANG_WARN_INT_CONVERSION = YES;
				CLANG_WARN_NON_LITERAL_NULL_CONVERSION = YES;
				CLANG_WARN_OBJC_LITERAL_CONVERSION = YES;
				CLANG_WARN_OBJC_ROOT_CLASS = YES_ERROR;
				CLANG_WARN_RANGE_LOOP_ANALYSIS = YES;
				CLANG_WARN_STRICT_PROTOTYPES = YES;
				CLANG_WARN_SUSPICIOUS_MOVE = YES;
				CLANG_WARN_UNGUARDED_AVAILABILITY = YES_AGGRESSIVE;
				CLANG_WARN_UNREACHABLE_CODE = YES;
				CLANG_WARN__DUPLICATE_METHOD_MATCH = YES;
				CODE_SIGN_IDENTITY = "iPhone Developer";
				COPY_PHASE_STRIP = NO;
				DEBUG_INFORMATION_FORMAT = "dwarf-with-dsym";
				ENABLE_NS_ASSERTIONS = NO;
				ENABLE_STRICT_OBJC_MSGSEND = YES;
				GCC_C_LANGUAGE_STANDARD = gnu11;
				GCC_NO_COMMON_BLOCKS = YES;
				GCC_WARN_64_TO_32_BIT_CONVERSION = YES;
				GCC_WARN_ABOUT_RETURN_TYPE = YES_ERROR;
				GCC_WARN_UNDECLARED_SELECTOR = YES;
				GCC_WARN_UNINITIALIZED_AUTOS = YES_AGGRESSIVE;
				GCC_WARN_UNUSED_FUNCTION = YES;
				GCC_WARN_UNUSED_VARIABLE = YES;
				IPHONEOS_DEPLOYMENT_TARGET = 11.0;
				MTL_ENABLE_DEBUG_INFO = NO;
				SDKROOT = iphoneos;
				SWIFT_OPTIMIZATION_LEVEL = "-Owholemodule";
				VALIDATE_PRODUCT = YES;
			};
			name = Release;
		};
		3D8D3F751FB952470082652B /* Debug */ = {
			isa = XCBuildConfiguration;
			baseConfigurationReference = ABAE741DAC9EE32A24C914B5 /* Pods-UserAcquisition.debug.xcconfig */;
			buildSettings = {
				ASSETCATALOG_COMPILER_APPICON_NAME = AppIcon;
				CLANG_ALLOW_NON_MODULAR_INCLUDES_IN_FRAMEWORK_MODULES = YES;
				CODE_SIGN_ENTITLEMENTS = UserAcquisition/UserAcquisition.entitlements;
				CODE_SIGN_IDENTITY = "iPhone Developer";
				CODE_SIGN_STYLE = Automatic;
				DEVELOPMENT_TEAM = 2A536VA6VA;
				INFOPLIST_FILE = UserAcquisition/Info.plist;
				IPHONEOS_DEPLOYMENT_TARGET = 10.2;
				LD_RUNPATH_SEARCH_PATHS = "$(inherited) @executable_path/Frameworks";
				PRODUCT_BUNDLE_IDENTIFIER = "com.sakamoto-takahiro.UserAcquisition";
				PRODUCT_NAME = "$(TARGET_NAME)";
				SWIFT_VERSION = 4.0;
				TARGETED_DEVICE_FAMILY = "1,2";
			};
			name = Debug;
		};
		3D8D3F761FB952470082652B /* Release */ = {
			isa = XCBuildConfiguration;
			baseConfigurationReference = 7D9CBFF2AD4701C2C4CE154F /* Pods-UserAcquisition.release.xcconfig */;
			buildSettings = {
				ASSETCATALOG_COMPILER_APPICON_NAME = AppIcon;
				CLANG_ALLOW_NON_MODULAR_INCLUDES_IN_FRAMEWORK_MODULES = YES;
				CODE_SIGN_ENTITLEMENTS = UserAcquisition/UserAcquisition.entitlements;
				CODE_SIGN_IDENTITY = "iPhone Developer";
				CODE_SIGN_STYLE = Automatic;
				DEVELOPMENT_TEAM = 2A536VA6VA;
				INFOPLIST_FILE = UserAcquisition/Info.plist;
				IPHONEOS_DEPLOYMENT_TARGET = 10.2;
				LD_RUNPATH_SEARCH_PATHS = "$(inherited) @executable_path/Frameworks";
				PRODUCT_BUNDLE_IDENTIFIER = "com.sakamoto-takahiro.UserAcquisition";
				PRODUCT_NAME = "$(TARGET_NAME)";
				SWIFT_VERSION = 4.0;
				TARGETED_DEVICE_FAMILY = "1,2";
			};
			name = Release;
		};
/* End XCBuildConfiguration section */

/* Begin XCConfigurationList section */
		3D8D3F5D1FB952470082652B /* Build configuration list for PBXProject "UserAcquisition" */ = {
			isa = XCConfigurationList;
			buildConfigurations = (
				3D8D3F721FB952470082652B /* Debug */,
				3D8D3F731FB952470082652B /* Release */,
			);
			defaultConfigurationIsVisible = 0;
			defaultConfigurationName = Release;
		};
		3D8D3F741FB952470082652B /* Build configuration list for PBXNativeTarget "UserAcquisition" */ = {
			isa = XCConfigurationList;
			buildConfigurations = (
				3D8D3F751FB952470082652B /* Debug */,
				3D8D3F761FB952470082652B /* Release */,
			);
			defaultConfigurationIsVisible = 0;
			defaultConfigurationName = Release;
		};
/* End XCConfigurationList section */
	};
	rootObject = 3D8D3F5A1FB952470082652B /* Project object */;
}
